
Microsoft Visual Studio Solution File, Format Version 12.00
Project("{FAE04EC0-301F-11D3-BF4B-00C04F79EFBC}") = "BDD_Demo.API", "BDD_Demo.API\BDD_Demo.API.csproj", "{47CA01DE-9484-49AD-96BA-84CE89B9186E}"
EndProject
Project("{FAE04EC0-301F-11D3-BF4B-00C04F79EFBC}") = "BDD_Demo.Domain", "BDD_Demo.Domain\BDD_Demo.Domain.csproj", "{E0D3A3AA-BC5E-4F50-B290-2F2C81741E0A}"
EndProject
Project("{FAE04EC0-301F-11D3-BF4B-00C04F79EFBC}") = "BDD_Demo.Services", "BDD_Demo.Services\BDD_Demo.Services.csproj", "{5803CD74-25B3-46D0-81FF-1C4CA8505D9F}"
EndProject
Global
	GlobalSection(SolutionConfigurationPlatforms) = preSolution
		Debug|Any CPU = Debug|Any CPU
		Release|Any CPU = Release|Any CPU
	EndGlobalSection
	GlobalSection(ProjectConfigurationPlatforms) = postSolution
		{47CA01DE-9484-49AD-96BA-84CE89B9186E}.Debug|Any CPU.ActiveCfg = Debug|Any CPU
		{47CA01DE-9484-49AD-96BA-84CE89B9186E}.Debug|Any CPU.Build.0 = Debug|Any CPU
		{47CA01DE-9484-49AD-96BA-84CE89B9186E}.Release|Any CPU.ActiveCfg = Release|Any CPU
		{47CA01DE-9484-49AD-96BA-84CE89B9186E}.Release|Any CPU.Build.0 = Release|Any CPU
		{E0D3A3AA-BC5E-4F50-B290-2F2C81741E0A}.Debug|Any CPU.ActiveCfg = Debug|Any CPU
		{E0D3A3AA-BC5E-4F50-B290-2F2C81741E0A}.Debug|Any CPU.Build.0 = Debug|Any CPU
		{E0D3A3AA-BC5E-4F50-B290-2F2C81741E0A}.Release|Any CPU.ActiveCfg = Release|Any CPU
		{E0D3A3AA-BC5E-4F50-B290-2F2C81741E0A}.Release|Any CPU.Build.0 = Release|Any CPU
		{5803CD74-25B3-46D0-81FF-1C4CA8505D9F}.Debug|Any CPU.ActiveCfg = Debug|Any CPU
		{5803CD74-25B3-46D0-81FF-1C4CA8505D9F}.Debug|Any CPU.Build.0 = Debug|Any CPU
		{5803CD74-25B3-46D0-81FF-1C4CA8505D9F}.Release|Any CPU.ActiveCfg = Release|Any CPU
		{5803CD74-25B3-46D0-81FF-1C4CA8505D9F}.Release|Any CPU.Build.0 = Release|Any CPU
	EndGlobalSection
EndGlobal
